
Microsoft Visual Studio Solution File, Format Version 12.00
# Visual Studio Version 17
VisualStudioVersion = 17.0.32112.339
MinimumVisualStudioVersion = 10.0.40219.1
Project("{FAE04EC0-301F-11D3-BF4B-00C04F79EFBC}") = "Exemplo_Teste", "Exemplo_Teste\Exemplo_Teste.csproj", "{6333C395-899A-4D2B-9DA0-2A5E013E8EBE}"
EndProject
Global
	GlobalSection(SolutionConfigurationPlatforms) = preSolution
		Debug|Any CPU = Debug|Any CPU
		Release|Any CPU = Release|Any CPU
	EndGlobalSection
	GlobalSection(ProjectConfigurationPlatforms) = postSolution
		{6333C395-899A-4D2B-9DA0-2A5E013E8EBE}.Debug|Any CPU.ActiveCfg = Debug|Any CPU
		{6333C395-899A-4D2B-9DA0-2A5E013E8EBE}.Debug|Any CPU.Build.0 = Debug|Any CPU
		{6333C395-899A-4D2B-9DA0-2A5E013E8EBE}.Release|Any CPU.ActiveCfg = Release|Any CPU
		{6333C395-899A-4D2B-9DA0-2A5E013E8EBE}.Release|Any CPU.Build.0 = Release|Any CPU
	EndGlobalSection
	GlobalSection(SolutionProperties) = preSolution
		HideSolutionNode = FALSE
	EndGlobalSection
	GlobalSection(ExtensibilityGlobals) = postSolution
		SolutionGuid = {40BAF592-3CF7-43CE-BE84-E7B410C29E9A}
	EndGlobalSection
EndGlobal
